
Microsoft Visual Studio Solution File, Format Version 12.00
Project("{FAE04EC0-301F-11D3-BF4B-00C04F79EFBC}") = "Tailoring.Api", "Tailoring.Api\Tailoring.Api.csproj", "{249EE391-750F-4B57-8A6D-CC662EBDDB0F}"
EndProject
Global
	GlobalSection(SolutionConfigurationPlatforms) = preSolution
		Debug|Any CPU = Debug|Any CPU
		Release|Any CPU = Release|Any CPU
	EndGlobalSection
	GlobalSection(ProjectConfigurationPlatforms) = postSolution
		{249EE391-750F-4B57-8A6D-CC662EBDDB0F}.Debug|Any CPU.ActiveCfg = Debug|Any CPU
		{249EE391-750F-4B57-8A6D-CC662EBDDB0F}.Debug|Any CPU.Build.0 = Debug|Any CPU
		{249EE391-750F-4B57-8A6D-CC662EBDDB0F}.Release|Any CPU.ActiveCfg = Release|Any CPU
		{249EE391-750F-4B57-8A6D-CC662EBDDB0F}.Release|Any CPU.Build.0 = Release|Any CPU
	EndGlobalSection
EndGlobal
